
Microsoft Visual Studio Solution File, Format Version 12.00
# Visual Studio Version 17
VisualStudioVersion = 17.14.36603.0
MinimumVisualStudioVersion = 10.0.40219.1
Project("{FAE04EC0-301F-11D3-BF4B-00C04F79EFBC}") = "ComplaignManagementSystem.Presentation", "ComplaignManagementSystem.PresentationLayer\ComplaignManagementSystem.Presentation.csproj", "{632EC7EF-DD2F-41B6-950F-A521788FD9CF}"
EndProject
Project("{FAE04EC0-301F-11D3-BF4B-00C04F79EFBC}") = "ComplaintManagementSystem.Business", "ComplaintManagementSystem.Business\ComplaintManagementSystem.Business.csproj", "{FD8C5A5B-4314-4059-861A-7FC40441582E}"
EndProject
Project("{FAE04EC0-301F-11D3-BF4B-00C04F79EFBC}") = "ComplaignManagementSystem.Data", "ComplaignManagementSystem.Data\ComplaignManagementSystem.Data.csproj", "{A0FC8E1B-E717-48B2-9D24-14AD956F8372}"
EndProject
Project("{FAE04EC0-301F-11D3-BF4B-00C04F79EFBC}") = "ComplaignManagementSystem.EmailService", "ComplaignManagementSystem.EmailService\ComplaignManagementSystem.EmailService.csproj", "{0D43C116-CF2F-402D-88AA-FC00B6C50C65}"
EndProject
Global
	GlobalSection(SolutionConfigurationPlatforms) = preSolution
		Debug|Any CPU = Debug|Any CPU
		Release|Any CPU = Release|Any CPU
	EndGlobalSection
	GlobalSection(ProjectConfigurationPlatforms) = postSolution
		{632EC7EF-DD2F-41B6-950F-A521788FD9CF}.Debug|Any CPU.ActiveCfg = Debug|Any CPU
		{632EC7EF-DD2F-41B6-950F-A521788FD9CF}.Debug|Any CPU.Build.0 = Debug|Any CPU
		{632EC7EF-DD2F-41B6-950F-A521788FD9CF}.Release|Any CPU.ActiveCfg = Release|Any CPU
		{632EC7EF-DD2F-41B6-950F-A521788FD9CF}.Release|Any CPU.Build.0 = Release|Any CPU
		{FD8C5A5B-4314-4059-861A-7FC40441582E}.Debug|Any CPU.ActiveCfg = Debug|Any CPU
		{FD8C5A5B-4314-4059-861A-7FC40441582E}.Debug|Any CPU.Build.0 = Debug|Any CPU
		{FD8C5A5B-4314-4059-861A-7FC40441582E}.Release|Any CPU.ActiveCfg = Release|Any CPU
		{FD8C5A5B-4314-4059-861A-7FC40441582E}.Release|Any CPU.Build.0 = Release|Any CPU
		{A0FC8E1B-E717-48B2-9D24-14AD956F8372}.Debug|Any CPU.ActiveCfg = Debug|Any CPU
		{A0FC8E1B-E717-48B2-9D24-14AD956F8372}.Debug|Any CPU.Build.0 = Debug|Any CPU
		{A0FC8E1B-E717-48B2-9D24-14AD956F8372}.Release|Any CPU.ActiveCfg = Release|Any CPU
		{A0FC8E1B-E717-48B2-9D24-14AD956F8372}.Release|Any CPU.Build.0 = Release|Any CPU
		{0D43C116-CF2F-402D-88AA-FC00B6C50C65}.Debug|Any CPU.ActiveCfg = Debug|Any CPU
		{0D43C116-CF2F-402D-88AA-FC00B6C50C65}.Debug|Any CPU.Build.0 = Debug|Any CPU
		{0D43C116-CF2F-402D-88AA-FC00B6C50C65}.Release|Any CPU.ActiveCfg = Release|Any CPU
		{0D43C116-CF2F-402D-88AA-FC00B6C50C65}.Release|Any CPU.Build.0 = Release|Any CPU
	EndGlobalSection
	GlobalSection(SolutionProperties) = preSolution
		HideSolutionNode = FALSE
	EndGlobalSection
	GlobalSection(ExtensibilityGlobals) = postSolution
		SolutionGuid = {21B38EC8-B33C-45A2-B0C6-45CCB12D5138}
	EndGlobalSection
EndGlobal
